// !$*UTF8*$!
{
	archiveVersion = 1;
	classes = {
	};
	objectVersion = 50;
	objects = {

/* Begin PBXBuildFile section */
		9626AD3E26A9632900995370 /* T_RailApp.swift in Sources */ = {isa = PBXBuildFile; fileRef = 9626AD3D26A9632900995370 /* T_RailApp.swift */; };
		9626AD4026A9632900995370 /* ContentView.swift in Sources */ = {isa = PBXBuildFile; fileRef = 9626AD3F26A9632900995370 /* ContentView.swift */; };
		9626AD4226A9632C00995370 /* Assets.xcassets in Resources */ = {isa = PBXBuildFile; fileRef = 9626AD4126A9632C00995370 /* Assets.xcassets */; };
		9626AD4526A9632C00995370 /* Preview Assets.xcassets in Resources */ = {isa = PBXBuildFile; fileRef = 9626AD4426A9632C00995370 /* Preview Assets.xcassets */; };
		9626AD5326A9634800995370 /* WidgetKit.framework in Frameworks */ = {isa = PBXBuildFile; fileRef = 9626AD5226A9634800995370 /* WidgetKit.framework */; };
		9626AD5526A9634800995370 /* SwiftUI.framework in Frameworks */ = {isa = PBXBuildFile; fileRef = 9626AD5426A9634800995370 /* SwiftUI.framework */; };
		9626AD5826A9634800995370 /* TWidget.swift in Sources */ = {isa = PBXBuildFile; fileRef = 9626AD5726A9634800995370 /* TWidget.swift */; };
		9626AD5B26A9634B00995370 /* Assets.xcassets in Resources */ = {isa = PBXBuildFile; fileRef = 9626AD5A26A9634B00995370 /* Assets.xcassets */; };
		9626AD5D26A9634B00995370 /* TWidget.intentdefinition in Sources */ = {isa = PBXBuildFile; fileRef = 9626AD5926A9634800995370 /* TWidget.intentdefinition */; };
		9626AD5E26A9634B00995370 /* TWidget.intentdefinition in Sources */ = {isa = PBXBuildFile; fileRef = 9626AD5926A9634800995370 /* TWidget.intentdefinition */; };
		9626AD6126A9634B00995370 /* TWidgetExtension.appex in Embed App Extensions */ = {isa = PBXBuildFile; fileRef = 9626AD5026A9634800995370 /* TWidgetExtension.appex */; settings = {ATTRIBUTES = (RemoveHeadersOnCopy, ); }; };
/* End PBXBuildFile section */

/* Begin PBXContainerItemProxy section */
		9626AD5F26A9634B00995370 /* PBXContainerItemProxy */ = {
			isa = PBXContainerItemProxy;
			containerPortal = 9626AD3226A9632900995370 /* Project object */;
			proxyType = 1;
			remoteGlobalIDString = 9626AD4F26A9634800995370;
			remoteInfo = TWidgetExtension;
		};
/* End PBXContainerItemProxy section */

/* Begin PBXCopyFilesBuildPhase section */
		9626AD6526A9634B00995370 /* Embed App Extensions */ = {
			isa = PBXCopyFilesBuildPhase;
			buildActionMask = 2147483647;
			dstPath = "";
			dstSubfolderSpec = 13;
			files = (
				9626AD6126A9634B00995370 /* TWidgetExtension.appex in Embed App Extensions */,
			);
			name = "Embed App Extensions";
			runOnlyForDeploymentPostprocessing = 0;
		};
/* End PBXCopyFilesBuildPhase section */

/* Begin PBXFileReference section */
		9626AD3A26A9632900995370 /* T-Rail.app */ = {isa = PBXFileReference; explicitFileType = wrapper.application; includeInIndex = 0; path = "T-Rail.app"; sourceTree = BUILT_PRODUCTS_DIR; };
		9626AD3D26A9632900995370 /* T_RailApp.swift */ = {isa = PBXFileReference; lastKnownFileType = sourcecode.swift; path = T_RailApp.swift; sourceTree = "<group>"; };
		9626AD3F26A9632900995370 /* ContentView.swift */ = {isa = PBXFileReference; lastKnownFileType = sourcecode.swift; path = ContentView.swift; sourceTree = "<group>"; };
		9626AD4126A9632C00995370 /* Assets.xcassets */ = {isa = PBXFileReference; lastKnownFileType = folder.assetcatalog; path = Assets.xcassets; sourceTree = "<group>"; };
		9626AD4426A9632C00995370 /* Preview Assets.xcassets */ = {isa = PBXFileReference; lastKnownFileType = folder.assetcatalog; path = "Preview Assets.xcassets"; sourceTree = "<group>"; };
		9626AD4626A9632C00995370 /* Info.plist */ = {isa = PBXFileReference; lastKnownFileType = text.plist.xml; path = Info.plist; sourceTree = "<group>"; };
		9626AD5026A9634800995370 /* TWidgetExtension.appex */ = {isa = PBXFileReference; explicitFileType = "wrapper.app-extension"; includeInIndex = 0; path = TWidgetExtension.appex; sourceTree = BUILT_PRODUCTS_DIR; };
		9626AD5226A9634800995370 /* WidgetKit.framework */ = {isa = PBXFileReference; lastKnownFileType = wrapper.framework; name = WidgetKit.framework; path = System/Library/Frameworks/WidgetKit.framework; sourceTree = SDKROOT; };
		9626AD5426A9634800995370 /* SwiftUI.framework */ = {isa = PBXFileReference; lastKnownFileType = wrapper.framework; name = SwiftUI.framework; path = System/Library/Frameworks/SwiftUI.framework; sourceTree = SDKROOT; };
		9626AD5726A9634800995370 /* TWidget.swift */ = {isa = PBXFileReference; lastKnownFileType = sourcecode.swift; path = TWidget.swift; sourceTree = "<group>"; };
		9626AD5926A9634800995370 /* TWidget.intentdefinition */ = {isa = PBXFileReference; lastKnownFileType = file.intentdefinition; path = TWidget.intentdefinition; sourceTree = "<group>"; };
		9626AD5A26A9634B00995370 /* Assets.xcassets */ = {isa = PBXFileReference; lastKnownFileType = folder.assetcatalog; path = Assets.xcassets; sourceTree = "<group>"; };
		9626AD5C26A9634B00995370 /* Info.plist */ = {isa = PBXFileReference; lastKnownFileType = text.plist.xml; path = Info.plist; sourceTree = "<group>"; };
/* End PBXFileReference section */

/* Begin PBXFrameworksBuildPhase section */
		9626AD3726A9632900995370 /* Frameworks */ = {
			isa = PBXFrameworksBuildPhase;
			buildActionMask = 2147483647;
			files = (
			);
			runOnlyForDeploymentPostprocessing = 0;
		};
		9626AD4D26A9634800995370 /* Frameworks */ = {
			isa = PBXFrameworksBuildPhase;
			buildActionMask = 2147483647;
			files = (
				9626AD5526A9634800995370 /* SwiftUI.framework in Frameworks */,
				9626AD5326A9634800995370 /* WidgetKit.framework in Frameworks */,
			);
			runOnlyForDeploymentPostprocessing = 0;
		};
/* End PBXFrameworksBuildPhase section */

/* Begin PBXGroup section */
		9626AD3126A9632900995370 = {
			isa = PBXGroup;
			children = (
				9626AD3C26A9632900995370 /* T-Rail */,
				9626AD5626A9634800995370 /* TWidget */,
				9626AD5126A9634800995370 /* Frameworks */,
				9626AD3B26A9632900995370 /* Products */,
			);
			sourceTree = "<group>";
		};
		9626AD3B26A9632900995370 /* Products */ = {
			isa = PBXGroup;
			children = (
				9626AD3A26A9632900995370 /* T-Rail.app */,
				9626AD5026A9634800995370 /* TWidgetExtension.appex */,
			);
			name = Products;
			sourceTree = "<group>";
		};
		9626AD3C26A9632900995370 /* T-Rail */ = {
			isa = PBXGroup;
			children = (
				9626AD3D26A9632900995370 /* T_RailApp.swift */,
				9626AD3F26A9632900995370 /* ContentView.swift */,
				9626AD4126A9632C00995370 /* Assets.xcassets */,
				9626AD4626A9632C00995370 /* Info.plist */,
				9626AD4326A9632C00995370 /* Preview Content */,
			);
			path = "T-Rail";
			sourceTree = "<group>";
		};
		9626AD4326A9632C00995370 /* Preview Content */ = {
			isa = PBXGroup;
			children = (
				9626AD4426A9632C00995370 /* Preview Assets.xcassets */,
			);
			path = "Preview Content";
			sourceTree = "<group>";
		};
		9626AD5126A9634800995370 /* Frameworks */ = {
			isa = PBXGroup;
			children = (
				9626AD5226A9634800995370 /* WidgetKit.framework */,
				9626AD5426A9634800995370 /* SwiftUI.framework */,
			);
			name = Frameworks;
			sourceTree = "<group>";
		};
		9626AD5626A9634800995370 /* TWidget */ = {
			isa = PBXGroup;
			children = (
				9626AD5726A9634800995370 /* TWidget.swift */,
				9626AD5926A9634800995370 /* TWidget.intentdefinition */,
				9626AD5A26A9634B00995370 /* Assets.xcassets */,
				9626AD5C26A9634B00995370 /* Info.plist */,
			);
			path = TWidget;
			sourceTree = "<group>";
		};
/* End PBXGroup section */

/* Begin PBXNativeTarget section */
		9626AD3926A9632900995370 /* T-Rail */ = {
			isa = PBXNativeTarget;
			buildConfigurationList = 9626AD4926A9632C00995370 /* Build configuration list for PBXNativeTarget "T-Rail" */;
			buildPhases = (
				9626AD3626A9632900995370 /* Sources */,
				9626AD3726A9632900995370 /* Frameworks */,
				9626AD3826A9632900995370 /* Resources */,
				9626AD6526A9634B00995370 /* Embed App Extensions */,
			);
			buildRules = (
			);
			dependencies = (
				9626AD6026A9634B00995370 /* PBXTargetDependency */,
			);
			name = "T-Rail";
			productName = "T-Rail";
			productReference = 9626AD3A26A9632900995370 /* T-Rail.app */;
			productType = "com.apple.product-type.application";
		};
		9626AD4F26A9634800995370 /* TWidgetExtension */ = {
			isa = PBXNativeTarget;
			buildConfigurationList = 9626AD6226A9634B00995370 /* Build configuration list for PBXNativeTarget "TWidgetExtension" */;
			buildPhases = (
				9626AD4C26A9634800995370 /* Sources */,
				9626AD4D26A9634800995370 /* Frameworks */,
				9626AD4E26A9634800995370 /* Resources */,
			);
			buildRules = (
			);
			dependencies = (
			);
			name = TWidgetExtension;
			productName = TWidgetExtension;
			productReference = 9626AD5026A9634800995370 /* TWidgetExtension.appex */;
			productType = "com.apple.product-type.app-extension";
		};
/* End PBXNativeTarget section */

/* Begin PBXProject section */
		9626AD3226A9632900995370 /* Project object */ = {
			isa = PBXProject;
			attributes = {
				LastSwiftUpdateCheck = 1250;
				LastUpgradeCheck = 1250;
				TargetAttributes = {
					9626AD3926A9632900995370 = {
						CreatedOnToolsVersion = 12.5.1;
					};
					9626AD4F26A9634800995370 = {
						CreatedOnToolsVersion = 12.5.1;
					};
				};
			};
			buildConfigurationList = 9626AD3526A9632900995370 /* Build configuration list for PBXProject "T-Rail" */;
			compatibilityVersion = "Xcode 9.3";
			developmentRegion = en;
			hasScannedForEncodings = 0;
			knownRegions = (
				en,
				Base,
			);
			mainGroup = 9626AD3126A9632900995370;
			productRefGroup = 9626AD3B26A9632900995370 /* Products */;
			projectDirPath = "";
			projectRoot = "";
			targets = (
				9626AD3926A9632900995370 /* T-Rail */,
				9626AD4F26A9634800995370 /* TWidgetExtension */,
			);
		};
/* End PBXProject section */

/* Begin PBXResourcesBuildPhase section */
		9626AD3826A9632900995370 /* Resources */ = {
			isa = PBXResourcesBuildPhase;
			buildActionMask = 2147483647;
			files = (
				9626AD4526A9632C00995370 /* Preview Assets.xcassets in Resources */,
				9626AD4226A9632C00995370 /* Assets.xcassets in Resources */,
			);
			runOnlyForDeploymentPostprocessing = 0;
		};
		9626AD4E26A9634800995370 /* Resources */ = {
			isa = PBXResourcesBuildPhase;
			buildActionMask = 2147483647;
			files = (
				9626AD5B26A9634B00995370 /* Assets.xcassets in Resources */,
			);
			runOnlyForDeploymentPostprocessing = 0;
		};
/* End PBXResourcesBuildPhase section */

/* Begin PBXSourcesBuildPhase section */
		9626AD3626A9632900995370 /* Sources */ = {
			isa = PBXSourcesBuildPhase;
			buildActionMask = 2147483647;
			files = (
				9626AD4026A9632900995370 /* ContentView.swift in Sources */,
				9626AD3E26A9632900995370 /* T_RailApp.swift in Sources */,
				9626AD5E26A9634B00995370 /* TWidget.intentdefinition in Sources */,
			);
			runOnlyForDeploymentPostprocessing = 0;
		};
		9626AD4C26A9634800995370 /* Sources */ = {
			isa = PBXSourcesBuildPhase;
			buildActionMask = 2147483647;
			files = (
				9626AD5826A9634800995370 /* TWidget.swift in Sources */,
				9626AD5D26A9634B00995370 /* TWidget.intentdefinition in Sources */,
			);
			runOnlyForDeploymentPostprocessing = 0;
		};
/* End PBXSourcesBuildPhase section */

/* Begin PBXTargetDependency section */
		9626AD6026A9634B00995370 /* PBXTargetDependency */ = {
			isa = PBXTargetDependency;
			target = 9626AD4F26A9634800995370 /* TWidgetExtension */;
			targetProxy = 9626AD5F26A9634B00995370 /* PBXContainerItemProxy */;
		};
/* End PBXTargetDependency section */

/* Begin XCBuildConfiguration section */
		9626AD4726A9632C00995370 /* Debug */ = {
			isa = XCBuildConfiguration;
			buildSettings = {
				ALWAYS_SEARCH_USER_PATHS = NO;
				CLANG_ANALYZER_NONNULL = YES;
				CLANG_ANALYZER_NUMBER_OBJECT_CONVERSION = YES_AGGRESSIVE;
				CLANG_CXX_LANGUAGE_STANDARD = "gnu++14";
				CLANG_CXX_LIBRARY = "libc++";
				CLANG_ENABLE_MODULES = YES;
				CLANG_ENABLE_OBJC_ARC = YES;
				CLANG_ENABLE_OBJC_WEAK = YES;
				CLANG_WARN_BLOCK_CAPTURE_AUTORELEASING = YES;
				CLANG_WARN_BOOL_CONVERSION = YES;
				CLANG_WARN_COMMA = YES;
				CLANG_WARN_CONSTANT_CONVERSION = YES;
				CLANG_WARN_DEPRECATED_OBJC_IMPLEMENTATIONS = YES;
				CLANG_WARN_DIRECT_OBJC_ISA_USAGE = YES_ERROR;
				CLANG_WARN_DOCUMENTATION_COMMENTS = YES;
				CLANG_WARN_EMPTY_BODY = YES;
				CLANG_WARN_ENUM_CONVERSION = YES;
				CLANG_WARN_INFINITE_RECURSION = YES;
				CLANG_WARN_INT_CONVERSION = YES;
				CLANG_WARN_NON_LITERAL_NULL_CONVERSION = YES;
				CLANG_WARN_OBJC_IMPLICIT_RETAIN_SELF = YES;
				CLANG_WARN_OBJC_LITERAL_CONVERSION = YES;
				CLANG_WARN_OBJC_ROOT_CLASS = YES_ERROR;
				CLANG_WARN_QUOTED_INCLUDE_IN_FRAMEWORK_HEADER = YES;
				CLANG_WARN_RANGE_LOOP_ANALYSIS = YES;
				CLANG_WARN_STRICT_PROTOTYPES = YES;
				CLANG_WARN_SUSPICIOUS_MOVE = YES;
				CLANG_WARN_UNGUARDED_AVAILABILITY = YES_AGGRESSIVE;
				CLANG_WARN_UNREACHABLE_CODE = YES;
				CLANG_WARN__DUPLICATE_METHOD_MATCH = YES;
				COPY_PHASE_STRIP = NO;
				DEBUG_INFORMATION_FORMAT = dwarf;
				ENABLE_STRICT_OBJC_MSGSEND = YES;
				ENABLE_TESTABILITY = YES;
				GCC_C_LANGUAGE_STANDARD = gnu11;
				GCC_DYNAMIC_NO_PIC = NO;
				GCC_NO_COMMON_BLOCKS = YES;
				GCC_OPTIMIZATION_LEVEL = 0;
				GCC_PREPROCESSOR_DEFINITIONS = (
					"DEBUG=1",
					"$(inherited)",
				);
				GCC_WARN_64_TO_32_BIT_CONVERSION = YES;
				GCC_WARN_ABOUT_RETURN_TYPE = YES_ERROR;
				GCC_WARN_UNDECLARED_SELECTOR = YES;
				GCC_WARN_UNINITIALIZED_AUTOS = YES_AGGRESSIVE;
				GCC_WARN_UNUSED_FUNCTION = YES;
				GCC_WARN_UNUSED_VARIABLE = YES;
				IPHONEOS_DEPLOYMENT_TARGET = 14.5;
				MTL_ENABLE_DEBUG_INFO = INCLUDE_SOURCE;
				MTL_FAST_MATH = YES;
				ONLY_ACTIVE_ARCH = YES;
				SDKROOT = iphoneos;
				SWIFT_ACTIVE_COMPILATION_CONDITIONS = DEBUG;
				SWIFT_OPTIMIZATION_LEVEL = "-Onone";
			};
			name = Debug;
		};
		9626AD4826A9632C00995370 /* Release */ = {
			isa = XCBuildConfiguration;
			buildSettings = {
				ALWAYS_SEARCH_USER_PATHS = NO;
				CLANG_ANALYZER_NONNULL = YES;
				CLANG_ANALYZER_NUMBER_OBJECT_CONVERSION = YES_AGGRESSIVE;
				CLANG_CXX_LANGUAGE_STANDARD = "gnu++14";
				CLANG_CXX_LIBRARY = "libc++";
				CLANG_ENABLE_MODULES = YES;
				CLANG_ENABLE_OBJC_ARC = YES;
				CLANG_ENABLE_OBJC_WEAK = YES;
				CLANG_WARN_BLOCK_CAPTURE_AUTORELEASING = YES;
				CLANG_WARN_BOOL_CONVERSION = YES;
				CLANG_WARN_COMMA = YES;
				CLANG_WARN_CONSTANT_CONVERSION = YES;
				CLANG_WARN_DEPRECATED_OBJC_IMPLEMENTATIONS = YES;
				CLANG_WARN_DIRECT_OBJC_ISA_USAGE = YES_ERROR;
				CLANG_WARN_DOCUMENTATION_COMMENTS = YES;
				CLANG_WARN_EMPTY_BODY = YES;
				CLANG_WARN_ENUM_CONVERSION = YES;
				CLANG_WARN_INFINITE_RECURSION = YES;
				CLANG_WARN_INT_CONVERSION = YES;
				CLANG_WARN_NON_LITERAL_NULL_CONVERSION = YES;
				CLANG_WARN_OBJC_IMPLICIT_RETAIN_SELF = YES;
				CLANG_WARN_OBJC_LITERAL_CONVERSION = YES;
				CLANG_WARN_OBJC_ROOT_CLASS = YES_ERROR;
				CLANG_WARN_QUOTED_INCLUDE_IN_FRAMEWORK_HEADER = YES;
				CLANG_WARN_RANGE_LOOP_ANALYSIS = YES;
				CLANG_WARN_STRICT_PROTOTYPES = YES;
				CLANG_WARN_SUSPICIOUS_MOVE = YES;
				CLANG_WARN_UNGUARDED_AVAILABILITY = YES_AGGRESSIVE;
				CLANG_WARN_UNREACHABLE_CODE = YES;
				CLANG_WARN__DUPLICATE_METHOD_MATCH = YES;
				COPY_PHASE_STRIP = NO;
				DEBUG_INFORMATION_FORMAT = "dwarf-with-dsym";
				ENABLE_NS_ASSERTIONS = NO;
				ENABLE_STRICT_OBJC_MSGSEND = YES;
				GCC_C_LANGUAGE_STANDARD = gnu11;
				GCC_NO_COMMON_BLOCKS = YES;
				GCC_WARN_64_TO_32_BIT_CONVERSION = YES;
				GCC_WARN_ABOUT_RETURN_TYPE = YES_ERROR;
				GCC_WARN_UNDECLARED_SELECTOR = YES;
				GCC_WARN_UNINITIALIZED_AUTOS = YES_AGGRESSIVE;
				GCC_WARN_UNUSED_FUNCTION = YES;
				GCC_WARN_UNUSED_VARIABLE = YES;
				IPHONEOS_DEPLOYMENT_TARGET = 14.5;
				MTL_ENABLE_DEBUG_INFO = NO;
				MTL_FAST_MATH = YES;
				SDKROOT = iphoneos;
				SWIFT_COMPILATION_MODE = wholemodule;
				SWIFT_OPTIMIZATION_LEVEL = "-O";
				VALIDATE_PRODUCT = YES;
			};
			name = Release;
		};
		9626AD4A26A9632C00995370 /* Debug */ = {
			isa = XCBuildConfiguration;
			buildSettings = {
				ALWAYS_EMBED_SWIFT_STANDARD_LIBRARIES = YES;
				ASSETCATALOG_COMPILER_APPICON_NAME = AppIcon;
				ASSETCATALOG_COMPILER_GLOBAL_ACCENT_COLOR_NAME = AccentColor;
				CODE_SIGN_STYLE = Automatic;
				DEVELOPMENT_ASSET_PATHS = "\"T-Rail/Preview Content\"";
				DEVELOPMENT_TEAM = AD9GNNLFPX;
				ENABLE_PREVIEWS = YES;
				INFOPLIST_FILE = "T-Rail/Info.plist";
				IPHONEOS_DEPLOYMENT_TARGET = 14.0;
				LD_RUNPATH_SEARCH_PATHS = (
					"$(inherited)",
					"@executable_path/Frameworks",
				);
				PRODUCT_BUNDLE_IDENTIFIER = "com.amberjen.T-Rail";
				PRODUCT_NAME = "$(TARGET_NAME)";
				SWIFT_VERSION = 5.0;
				TARGETED_DEVICE_FAMILY = "1,2";
			};
			name = Debug;
		};
		9626AD4B26A9632C00995370 /* Release */ = {
			isa = XCBuildConfiguration;
			buildSettings = {
				ALWAYS_EMBED_SWIFT_STANDARD_LIBRARIES = YES;
				ASSETCATALOG_COMPILER_APPICON_NAME = AppIcon;
				ASSETCATALOG_COMPILER_GLOBAL_ACCENT_COLOR_NAME = AccentColor;
				CODE_SIGN_STYLE = Automatic;
				DEVELOPMENT_ASSET_PATHS = "\"T-Rail/Preview Content\"";
				DEVELOPMENT_TEAM = AD9GNNLFPX;
				ENABLE_PREVIEWS = YES;
				INFOPLIST_FILE = "T-Rail/Info.plist";
				IPHONEOS_DEPLOYMENT_TARGET = 14.0;
				LD_RUNPATH_SEARCH_PATHS = (
					"$(inherited)",
					"@executable_path/Frameworks",
				);
				PRODUCT_BUNDLE_IDENTIFIER = "com.amberjen.T-Rail";
				PRODUCT_NAME = "$(TARGET_NAME)";
				SWIFT_VERSION = 5.0;
				TARGETED_DEVICE_FAMILY = "1,2";
			};
			name = Release;
		};
		9626AD6326A9634B00995370 /* Debug */ = {
			isa = XCBuildConfiguration;
			buildSettings = {
				ASSETCATALOG_COMPILER_GLOBAL_ACCENT_COLOR_NAME = AccentColor;
				ASSETCATALOG_COMPILER_WIDGET_BACKGROUND_COLOR_NAME = WidgetBackground;
				CODE_SIGN_STYLE = Automatic;
				DEVELOPMENT_TEAM = AD9GNNLFPX;
				INFOPLIST_FILE = TWidget/Info.plist;
				LD_RUNPATH_SEARCH_PATHS = (
					"$(inherited)",
					"@executable_path/Frameworks",
					"@executable_path/../../Frameworks",
				);
				PRODUCT_BUNDLE_IDENTIFIER = "com.amberjen.T-Rail.TWidget";
				PRODUCT_NAME = "$(TARGET_NAME)";
				SKIP_INSTALL = YES;
				SWIFT_VERSION = 5.0;
				TARGETED_DEVICE_FAMILY = "1,2";
			};
			name = Debug;
		};
		9626AD6426A9634B00995370 /* Release */ = {
			isa = XCBuildConfiguration;
			buildSettings = {
				ASSETCATALOG_COMPILER_GLOBAL_ACCENT_COLOR_NAME = AccentColor;
				ASSETCATALOG_COMPILER_WIDGET_BACKGROUND_COLOR_NAME = WidgetBackground;
				CODE_SIGN_STYLE = Automatic;
				DEVELOPMENT_TEAM = AD9GNNLFPX;
				INFOPLIST_FILE = TWidget/Info.plist;
				LD_RUNPATH_SEARCH_PATHS = (
					"$(inherited)",
					"@executable_path/Frameworks",
					"@executable_path/../../Frameworks",
				);
				PRODUCT_BUNDLE_IDENTIFIER = "com.amberjen.T-Rail.TWidget";
				PRODUCT_NAME = "$(TARGET_NAME)";
				SKIP_INSTALL = YES;
				SWIFT_VERSION = 5.0;
				TARGETED_DEVICE_FAMILY = "1,2";
			};
			name = Release;
		};
/* End XCBuildConfiguration section */

/* Begin XCConfigurationList section */
		9626AD3526A9632900995370 /* Build configuration list for PBXProject "T-Rail" */ = {
			isa = XCConfigurationList;
			buildConfigurations = (
				9626AD4726A9632C00995370 /* Debug */,
				9626AD4826A9632C00995370 /* Release */,
			);
			defaultConfigurationIsVisible = 0;
			defaultConfigurationName = Release;
		};
		9626AD4926A9632C00995370 /* Build configuration list for PBXNativeTarget "T-Rail" */ = {
			isa = XCConfigurationList;
			buildConfigurations = (
				9626AD4A26A9632C00995370 /* Debug */,
				9626AD4B26A9632C00995370 /* Release */,
			);
			defaultConfigurationIsVisible = 0;
			defaultConfigurationName = Release;
		};
		9626AD6226A9634B00995370 /* Build configuration list for PBXNativeTarget "TWidgetExtension" */ = {
			isa = XCConfigurationList;
			buildConfigurations = (
				9626AD6326A9634B00995370 /* Debug */,
				9626AD6426A9634B00995370 /* Release */,
			);
			defaultConfigurationIsVisible = 0;
			defaultConfigurationName = Release;
		};
/* End XCConfigurationList section */
	};
	rootObject = 9626AD3226A9632900995370 /* Project object */;
}
